Microsoft Visual Studio Solution File, Format Version 12.00
# Visual Studio Version 17
VisualStudioVersion = 17.5.2.0
MinimumVisualStudioVersion = 10.0.40219.1
Project("{2150E333-8FDC-42A3-9474-1A3956D46DE8}") = "tests", "tests", "{0AB3BF05-4346-4AA6-1389-037BE0695223}"
EndProject
Project("{2150E333-8FDC-42A3-9474-1A3956D46DE8}") = "src", "src", "{827E0CD3-B72D-47B6-A68D-7590B98EB39B}"
EndProject
Project("{FAE04EC0-301F-11D3-BF4B-00C04F79EFBC}") = "CompanyBrain.Tests", "tests\CompanyBrain.Tests\CompanyBrain.Tests.csproj", "{F863734B-A0BD-38D4-D175-9CEC45C4CDDF}"
EndProject
Project("{FAE04EC0-301F-11D3-BF4B-00C04F79EFBC}") = "CompanyBrain.Core", "src\CompanyBrain.Core\CompanyBrain.Core.csproj", "{A6397303-C8AE-A675-E574-C26070F88E39}"
EndProject
Project("{FAE04EC0-301F-11D3-BF4B-00C04F79EFBC}") = "CompanyBrain.Dashboard", "src\CompanyBrain.Dashboard\CompanyBrain.Dashboard.csproj", "{6349FD9B-30F2-BD2C-84C8-0720EDDA9C02}"
EndProject
Global
	GlobalSection(SolutionConfigurationPlatforms) = preSolution
		Debug|Any CPU = Debug|Any CPU
		Release|Any CPU = Release|Any CPU
	EndGlobalSection
	GlobalSection(ProjectConfigurationPlatforms) = postSolution
		{F863734B-A0BD-38D4-D175-9CEC45C4CDDF}.Debug|Any CPU.ActiveCfg = Debug|Any CPU
		{F863734B-A0BD-38D4-D175-9CEC45C4CDDF}.Debug|Any CPU.Build.0 = Debug|Any CPU
		{F863734B-A0BD-38D4-D175-9CEC45C4CDDF}.Release|Any CPU.ActiveCfg = Release|Any CPU
		{F863734B-A0BD-38D4-D175-9CEC45C4CDDF}.Release|Any CPU.Build.0 = Release|Any CPU
		{A6397303-C8AE-A675-E574-C26070F88E39}.Debug|Any CPU.ActiveCfg = Debug|Any CPU
		{A6397303-C8AE-A675-E574-C26070F88E39}.Debug|Any CPU.Build.0 = Debug|Any CPU
		{A6397303-C8AE-A675-E574-C26070F88E39}.Release|Any CPU.ActiveCfg = Release|Any CPU
		{A6397303-C8AE-A675-E574-C26070F88E39}.Release|Any CPU.Build.0 = Release|Any CPU
		{6349FD9B-30F2-BD2C-84C8-0720EDDA9C02}.Debug|Any CPU.ActiveCfg = Debug|Any CPU
		{6349FD9B-30F2-BD2C-84C8-0720EDDA9C02}.Debug|Any CPU.Build.0 = Debug|Any CPU
		{6349FD9B-30F2-BD2C-84C8-0720EDDA9C02}.Release|Any CPU.ActiveCfg = Release|Any CPU
		{6349FD9B-30F2-BD2C-84C8-0720EDDA9C02}.Release|Any CPU.Build.0 = Release|Any CPU
	EndGlobalSection
	GlobalSection(SolutionProperties) = preSolution
		HideSolutionNode = FALSE
	EndGlobalSection
	GlobalSection(NestedProjects) = preSolution
		{F863734B-A0BD-38D4-D175-9CEC45C4CDDF} = {0AB3BF05-4346-4AA6-1389-037BE0695223}
		{A6397303-C8AE-A675-E574-C26070F88E39} = {827E0CD3-B72D-47B6-A68D-7590B98EB39B}
		{6349FD9B-30F2-BD2C-84C8-0720EDDA9C02} = {827E0CD3-B72D-47B6-A68D-7590B98EB39B}
	EndGlobalSection
	GlobalSection(ExtensibilityGlobals) = postSolution
		SolutionGuid = {BB0060C2-676C-43C0-A06F-0E3CEBAB51CA}
	EndGlobalSection
EndGlobal
